
Microsoft Visual Studio Solution File, Format Version 12.00
# Visual Studio Version 17
VisualStudioVersion = 17.10.35013.160
MinimumVisualStudioVersion = 10.0.40219.1
Project("{FAE04EC0-301F-11D3-BF4B-00C04F79EFBC}") = "Monogame 5  Adding An Intro Screen", "Monogame 5  Adding An Intro Screen.csproj", "{8CEFD48A-D5BB-4C3E-A49A-A6788DF30448}"
EndProject
Global
	GlobalSection(SolutionConfigurationPlatforms) = preSolution
		Debug|Any CPU = Debug|Any CPU
		Release|Any CPU = Release|Any CPU
	EndGlobalSection
	GlobalSection(ProjectConfigurationPlatforms) = postSolution
		{8CEFD48A-D5BB-4C3E-A49A-A6788DF30448}.Debug|Any CPU.ActiveCfg = Debug|Any CPU
		{8CEFD48A-D5BB-4C3E-A49A-A6788DF30448}.Debug|Any CPU.Build.0 = Debug|Any CPU
		{8CEFD48A-D5BB-4C3E-A49A-A6788DF30448}.Release|Any CPU.ActiveCfg = Release|Any CPU
		{8CEFD48A-D5BB-4C3E-A49A-A6788DF30448}.Release|Any CPU.Build.0 = Release|Any CPU
	EndGlobalSection
	GlobalSection(SolutionProperties) = preSolution
		HideSolutionNode = FALSE
	EndGlobalSection
	GlobalSection(ExtensibilityGlobals) = postSolution
		SolutionGuid = {EC0BC90D-F42D-4BB4-96B6-7519C5E2B767}
	EndGlobalSection
EndGlobal
